# This file is autogenerated, do not edit; changes may be undone by the next 'dep ensure'.


[[projects]]
  branch = "master"
  name = "github.com/aristanetworks/goarista"
  packages = ["monotime"]
  revision = "7fdf701d5bbf6a590d62664bced14b66db2b675c"

[[projects]]
  branch = "master"
  name = "github.com/btcsuite/btcd"
  packages = ["btcec"]
  revision = "9a2f9524024889e129a5422aca2cff73cb3eabf6"

[[projects]]
  name = "github.com/certifi/gocertifi"
  packages = ["."]
  revision = "deb3ae2ef2610fde3330947281941c562861188b"
  version = "2018.01.18"

[[projects]]
  name = "github.com/dgrijalva/jwt-go"
  packages = ["."]
  revision = "06ea1031745cb8b3dab3f6a236daf2b0aa468b7e"
  version = "v3.2.0"

[[projects]]
  name = "github.com/ethereum/go-ethereum"
  packages = [
    ".",
    "accounts",
    "accounts/abi",
    "accounts/abi/bind",
    "accounts/keystore",
    "common",
    "common/hexutil",
    "common/math",
    "common/mclock",
    "core/types",
    "crypto",
    "crypto/randentropy",
    "crypto/secp256k1",
    "crypto/sha3",
    "ethclient",
    "ethdb",
    "event",
    "log",
    "metrics",
    "p2p/netutil",
    "params",
    "rlp",
    "rpc",
    "trie"
  ]
  revision = "37685930d953bcbe023f9bc65b135a8d8b8f1488"
  version = "v1.8.12"

[[projects]]
  branch = "master"
  name = "github.com/getsentry/raven-go"
  packages = ["."]
  revision = "ed7bcb39ff10f39ab08e317ce16df282845852fa"

[[projects]]
  name = "github.com/go-chi/chi"
  packages = [
    ".",
    "middleware"
  ]
  revision = "e83ac2304db3c50cf03d96a2fcd39009d458bc35"
  version = "v3.3.2"

[[projects]]
  name = "github.com/go-chi/cors"
  packages = ["."]
  revision = "dba6525398619dead495962a916728e7ee2ca322"
  version = "v1.0.0"

[[projects]]
  name = "github.com/go-chi/jwtauth"
  packages = ["."]
  revision = "53a0a4877a0ead48e149be6b4ec9dd1b3c075eba"
  version = "v3.3.0"

[[projects]]
  name = "github.com/go-stack/stack"
  packages = ["."]
  revision = "259ab82a6cad3992b4e21ff5cac294ccb06474bc"
  version = "v1.7.0"

[[projects]]
  branch = "master"
  name = "github.com/golang/snappy"
  packages = ["."]
  revision = "2e65f85255dbc3072edf28d6b5b8efc472979f5a"

[[projects]]
  name = "github.com/hgfischer/go-otp"
  packages = ["."]
  revision = "ae459b7572ee6c0fe3394a750678aacffd138060"
  version = "v1.0.0"

[[projects]]
  branch = "master"
  name = "github.com/jmoiron/sqlx"
  packages = [
    ".",
    "reflectx"
  ]
  revision = "0dae4fefe7c0e190f7b5a78dac28a1c82cc8d849"

[[projects]]
  name = "github.com/joho/godotenv"
  packages = ["."]
  revision = "a79fa1e548e2c689c241d10173efd51e5d689d5b"
  version = "v1.2.0"

[[projects]]
  branch = "master"
  name = "github.com/lib/pq"
  packages = [
    ".",
    "oid"
  ]
  revision = "90697d60dd844d5ef6ff15135d0203f65d2f53b8"

[[projects]]
  name = "github.com/pborman/uuid"
  packages = ["."]
  revision = "e790cca94e6cc75c7064b1332e63811d4aae1a53"
  version = "v1.1"

[[projects]]
  name = "github.com/pkg/errors"
  packages = ["."]
  revision = "645ef00459ed84a119197bfb8d8205042c6df63d"
  version = "v0.8.0"

[[projects]]
  name = "github.com/rjeczalik/notify"
  packages = ["."]
  revision = "52ae50d8490436622a8941bd70c3dbe0acdd4bbf"
  version = "v0.9.0"

[[projects]]
  name = "github.com/rs/cors"
  packages = ["."]
  revision = "ca016a06a5753f8ba03029c0aa5e54afb1bf713f"
  version = "v1.4.0"

[[projects]]
  name = "github.com/sirupsen/logrus"
  packages = ["."]
  revision = "c155da19408a8799da419ed3eeb0cb5db0ad5dbc"
  version = "v1.0.5"

[[projects]]
  name = "github.com/stripe/stripe-go"
  packages = [
    ".",
    "charge",
    "customer",
    "form"
  ]
  revision = "73e38485175cfebca8ee9bda8776908cce4baf67"
  version = "v35.8.0"

[[projects]]
  branch = "master"
  name = "github.com/syndtr/goleveldb"
  packages = [
    "leveldb",
    "leveldb/cache",
    "leveldb/comparer",
    "leveldb/errors",
    "leveldb/filter",
    "leveldb/iterator",
    "leveldb/journal",
    "leveldb/memdb",
    "leveldb/opt",
    "leveldb/storage",
    "leveldb/table",
    "leveldb/util"
  ]
  revision = "c4c61651e9e37fa117f53c5a906d3b63090d8445"

[[projects]]
  branch = "master"
  name = "golang.org/x/crypto"
  packages = [
    "pbkdf2",
    "scrypt",
    "ssh/terminal"
  ]
  revision = "a49355c7e3f8fe157a85be2f77e6e269a0f89602"

[[projects]]
  branch = "master"
  name = "golang.org/x/net"
  packages = ["websocket"]
  revision = "3673e40ba22529d22c3fd7c93e97b0ce50fa7bdd"

[[projects]]
  branch = "master"
  name = "golang.org/x/sys"
  packages = [
    "unix",
    "windows"
  ]
  revision = "151529c776cdc58ddbe7963ba9af779f3577b419"

[[projects]]
  branch = "master"
  name = "golang.org/x/tools"
  packages = [
    "go/ast/astutil",
    "imports",
    "internal/fastwalk"
  ]
  revision = "475b7a1e12f029fbb4d210958352057952ea9f7a"

[[projects]]
  name = "gopkg.in/fatih/set.v0"
  packages = ["."]
  revision = "57907de300222151a123d29255ed17f5ed43fad3"
  version = "v0.1.0"

[[projects]]
  branch = "v2"
  name = "gopkg.in/karalabe/cookiejar.v2"
  packages = ["collections/prque"]
  revision = "8dcd6a7f4951f6ff3ee9cbb919a06d8925822e57"

[[projects]]
  branch = "v2"
  name = "gopkg.in/natefinch/npipe.v2"
  packages = ["."]
  revision = "c1b8fa8bdccecb0b8db834ee0b92fdbcfa606dd6"

[solve-meta]
  analyzer-name = "dep"
  analyzer-version = 1
  inputs-digest = "a3f292526022aa9ee74fe7bfe3fd04a15a894a760292f1161d61600db11bea53"
  solver-name = "gps-cdcl"
  solver-version = 1
